
Microsoft Visual Studio Solution File, Format Version 12.00
# Visual Studio Version 17
VisualStudioVersion = 17.0.31903.59
MinimumVisualStudioVersion = 10.0.40219.1
Project("{2150E333-8FDC-42A3-9474-1A3956D46DE8}") = "src", "src", "{827E0CD3-B72D-47B6-A68D-7590B98EB39B}"
EndProject
Project("{2150E333-8FDC-42A3-9474-1A3956D46DE8}") = "tests", "tests", "{A1B2C3D4-E5F6-7890-ABCD-EF1234567890}"
EndProject
Project("{2150E333-8FDC-42A3-9474-1A3956D46DE8}") = "infrastructure", "infrastructure", "{88EA5E1D-9343-4B4C-8D69-867E6D0DE836}"
EndProject
Project("{FAE04EC0-301F-11D3-BF4B-00C04F79EFBC}") = "KisanMitraAI.Core", "src\KisanMitraAI.Core\KisanMitraAI.Core.csproj", "{04CA08AA-3F3F-446F-9C1E-44805CCAB052}"
EndProject
Project("{FAE04EC0-301F-11D3-BF4B-00C04F79EFBC}") = "KisanMitraAI.Infrastructure", "src\KisanMitraAI.Infrastructure\KisanMitraAI.Infrastructure.csproj", "{9799E692-C319-405F-9FFA-C9D05F842646}"
EndProject
Project("{FAE04EC0-301F-11D3-BF4B-00C04F79EFBC}") = "KisanMitraAI.API", "src\KisanMitraAI.API\KisanMitraAI.API.csproj", "{11CB0144-4342-4559-8ADD-525FE0272254}"
EndProject
Project("{FAE04EC0-301F-11D3-BF4B-00C04F79EFBC}") = "KisanMitraAI.Tests", "tests\KisanMitraAI.Tests\KisanMitraAI.Tests.csproj", "{985E9607-D732-442F-9197-5E919376F1D0}"
EndProject
Project("{FAE04EC0-301F-11D3-BF4B-00C04F79EFBC}") = "KisanMitraAI.Infrastructure.CDK", "infrastructure\src\KisanMitraAI.Infrastructure.CDK\KisanMitraAI.Infrastructure.CDK.csproj", "{3D41B5F8-1957-49B6-89F5-B8BFBC975BC7}"
EndProject
Project("{FAE04EC0-301F-11D3-BF4B-00C04F79EFBC}") = "KisanMitraAI.Lambda.VoiceQuery", "src\KisanMitraAI.Lambda.VoiceQuery\KisanMitraAI.Lambda.VoiceQuery.csproj", "{976CA980-2693-406D-A036-2C4C3426C21C}"
EndProject
Project("{FAE04EC0-301F-11D3-BF4B-00C04F79EFBC}") = "KisanMitraAI.Lambda.QualityGrader", "src\KisanMitraAI.Lambda.QualityGrader\KisanMitraAI.Lambda.QualityGrader.csproj", "{68B30A73-B110-4C43-A974-78458DD2CA80}"
EndProject
Project("{FAE04EC0-301F-11D3-BF4B-00C04F79EFBC}") = "KisanMitraAI.Lambda.SoilAnalyzer", "src\KisanMitraAI.Lambda.SoilAnalyzer\KisanMitraAI.Lambda.SoilAnalyzer.csproj", "{502E62A4-7987-4A51-B711-C4F58EA8D070}"
EndProject
Project("{FAE04EC0-301F-11D3-BF4B-00C04F79EFBC}") = "KisanMitraAI.Lambda.PlantingAdvisor", "src\KisanMitraAI.Lambda.PlantingAdvisor\KisanMitraAI.Lambda.PlantingAdvisor.csproj", "{23666AE9-093C-4588-97B3-3F4442510BC9}"
EndProject
Project("{FAE04EC0-301F-11D3-BF4B-00C04F79EFBC}") = "KisanMitraAI.Lambda.Advisory", "src\KisanMitraAI.Lambda.Advisory\KisanMitraAI.Lambda.Advisory.csproj", "{968B8178-EB08-4A62-9B8D-17EA5B11FE3B}"
EndProject
Project("{FAE04EC0-301F-11D3-BF4B-00C04F79EFBC}") = "KisanMitraAI.Lambda.PriceRetriever", "src\KisanMitraAI.Lambda.PriceRetriever\KisanMitraAI.Lambda.PriceRetriever.csproj", "{5B9759C2-8F31-4E4C-ACB8-DB7CD25CD78A}"
EndProject
Project("{FAE04EC0-301F-11D3-BF4B-00C04F79EFBC}") = "KisanMitraAI.Lambda.Auth", "src\KisanMitraAI.Lambda.Auth\KisanMitraAI.Lambda.Auth.csproj", "{B6B29AD0-0C8F-428D-B186-C532844B9FE6}"
EndProject
Global
	GlobalSection(SolutionConfigurationPlatforms) = preSolution
		Debug|Any CPU = Debug|Any CPU
		Debug|x64 = Debug|x64
		Debug|x86 = Debug|x86
		Release|Any CPU = Release|Any CPU
		Release|x64 = Release|x64
		Release|x86 = Release|x86
	EndGlobalSection
	GlobalSection(ProjectConfigurationPlatforms) = postSolution
		{04CA08AA-3F3F-446F-9C1E-44805CCAB052}.Debug|Any CPU.ActiveCfg = Debug|Any CPU
		{04CA08AA-3F3F-446F-9C1E-44805CCAB052}.Debug|Any CPU.Build.0 = Debug|Any CPU
		{04CA08AA-3F3F-446F-9C1E-44805CCAB052}.Debug|x64.ActiveCfg = Debug|Any CPU
		{04CA08AA-3F3F-446F-9C1E-44805CCAB052}.Debug|x64.Build.0 = Debug|Any CPU
		{04CA08AA-3F3F-446F-9C1E-44805CCAB052}.Debug|x86.ActiveCfg = Debug|Any CPU
		{04CA08AA-3F3F-446F-9C1E-44805CCAB052}.Debug|x86.Build.0 = Debug|Any CPU
		{04CA08AA-3F3F-446F-9C1E-44805CCAB052}.Release|Any CPU.ActiveCfg = Release|Any CPU
		{04CA08AA-3F3F-446F-9C1E-44805CCAB052}.Release|Any CPU.Build.0 = Release|Any CPU
		{04CA08AA-3F3F-446F-9C1E-44805CCAB052}.Release|x64.ActiveCfg = Release|Any CPU
		{04CA08AA-3F3F-446F-9C1E-44805CCAB052}.Release|x64.Build.0 = Release|Any CPU
		{04CA08AA-3F3F-446F-9C1E-44805CCAB052}.Release|x86.ActiveCfg = Release|Any CPU
		{04CA08AA-3F3F-446F-9C1E-44805CCAB052}.Release|x86.Build.0 = Release|Any CPU
		{9799E692-C319-405F-9FFA-C9D05F842646}.Debug|Any CPU.ActiveCfg = Debug|Any CPU
		{9799E692-C319-405F-9FFA-C9D05F842646}.Debug|Any CPU.Build.0 = Debug|Any CPU
		{9799E692-C319-405F-9FFA-C9D05F842646}.Debug|x64.ActiveCfg = Debug|Any CPU
		{9799E692-C319-405F-9FFA-C9D05F842646}.Debug|x64.Build.0 = Debug|Any CPU
		{9799E692-C319-405F-9FFA-C9D05F842646}.Debug|x86.ActiveCfg = Debug|Any CPU
		{9799E692-C319-405F-9FFA-C9D05F842646}.Debug|x86.Build.0 = Debug|Any CPU
		{9799E692-C319-405F-9FFA-C9D05F842646}.Release|Any CPU.ActiveCfg = Release|Any CPU
		{9799E692-C319-405F-9FFA-C9D05F842646}.Release|Any CPU.Build.0 = Release|Any CPU
		{9799E692-C319-405F-9FFA-C9D05F842646}.Release|x64.ActiveCfg = Release|Any CPU
		{9799E692-C319-405F-9FFA-C9D05F842646}.Release|x64.Build.0 = Release|Any CPU
		{9799E692-C319-405F-9FFA-C9D05F842646}.Release|x86.ActiveCfg = Release|Any CPU
		{9799E692-C319-405F-9FFA-C9D05F842646}.Release|x86.Build.0 = Release|Any CPU
		{11CB0144-4342-4559-8ADD-525FE0272254}.Debug|Any CPU.ActiveCfg = Debug|Any CPU
		{11CB0144-4342-4559-8ADD-525FE0272254}.Debug|Any CPU.Build.0 = Debug|Any CPU
		{11CB0144-4342-4559-8ADD-525FE0272254}.Debug|x64.ActiveCfg = Debug|Any CPU
		{11CB0144-4342-4559-8ADD-525FE0272254}.Debug|x64.Build.0 = Debug|Any CPU
		{11CB0144-4342-4559-8ADD-525FE0272254}.Debug|x86.ActiveCfg = Debug|Any CPU
		{11CB0144-4342-4559-8ADD-525FE0272254}.Debug|x86.Build.0 = Debug|Any CPU
		{11CB0144-4342-4559-8ADD-525FE0272254}.Release|Any CPU.ActiveCfg = Release|Any CPU
		{11CB0144-4342-4559-8ADD-525FE0272254}.Release|Any CPU.Build.0 = Release|Any CPU
		{11CB0144-4342-4559-8ADD-525FE0272254}.Release|x64.ActiveCfg = Release|Any CPU
		{11CB0144-4342-4559-8ADD-525FE0272254}.Release|x64.Build.0 = Release|Any CPU
		{11CB0144-4342-4559-8ADD-525FE0272254}.Release|x86.ActiveCfg = Release|Any CPU
		{11CB0144-4342-4559-8ADD-525FE0272254}.Release|x86.Build.0 = Release|Any CPU
		{985E9607-D732-442F-9197-5E919376F1D0}.Debug|Any CPU.ActiveCfg = Debug|Any CPU
		{985E9607-D732-442F-9197-5E919376F1D0}.Debug|Any CPU.Build.0 = Debug|Any CPU
		{985E9607-D732-442F-9197-5E919376F1D0}.Debug|x64.ActiveCfg = Debug|Any CPU
		{985E9607-D732-442F-9197-5E919376F1D0}.Debug|x64.Build.0 = Debug|Any CPU
		{985E9607-D732-442F-9197-5E919376F1D0}.Debug|x86.ActiveCfg = Debug|Any CPU
		{985E9607-D732-442F-9197-5E919376F1D0}.Debug|x86.Build.0 = Debug|Any CPU
		{985E9607-D732-442F-9197-5E919376F1D0}.Release|Any CPU.ActiveCfg = Release|Any CPU
		{985E9607-D732-442F-9197-5E919376F1D0}.Release|Any CPU.Build.0 = Release|Any CPU
		{985E9607-D732-442F-9197-5E919376F1D0}.Release|x64.ActiveCfg = Release|Any CPU
		{985E9607-D732-442F-9197-5E919376F1D0}.Release|x64.Build.0 = Release|Any CPU
		{985E9607-D732-442F-9197-5E919376F1D0}.Release|x86.ActiveCfg = Release|Any CPU
		{985E9607-D732-442F-9197-5E919376F1D0}.Release|x86.Build.0 = Release|Any CPU
		{3D41B5F8-1957-49B6-89F5-B8BFBC975BC7}.Debug|Any CPU.ActiveCfg = Debug|Any CPU
		{3D41B5F8-1957-49B6-89F5-B8BFBC975BC7}.Debug|Any CPU.Build.0 = Debug|Any CPU
		{3D41B5F8-1957-49B6-89F5-B8BFBC975BC7}.Debug|x64.ActiveCfg = Debug|Any CPU
		{3D41B5F8-1957-49B6-89F5-B8BFBC975BC7}.Debug|x64.Build.0 = Debug|Any CPU
		{3D41B5F8-1957-49B6-89F5-B8BFBC975BC7}.Debug|x86.ActiveCfg = Debug|Any CPU
		{3D41B5F8-1957-49B6-89F5-B8BFBC975BC7}.Debug|x86.Build.0 = Debug|Any CPU
		{3D41B5F8-1957-49B6-89F5-B8BFBC975BC7}.Release|Any CPU.ActiveCfg = Release|Any CPU
		{3D41B5F8-1957-49B6-89F5-B8BFBC975BC7}.Release|Any CPU.Build.0 = Release|Any CPU
		{3D41B5F8-1957-49B6-89F5-B8BFBC975BC7}.Release|x64.ActiveCfg = Release|Any CPU
		{3D41B5F8-1957-49B6-89F5-B8BFBC975BC7}.Release|x64.Build.0 = Release|Any CPU
		{3D41B5F8-1957-49B6-89F5-B8BFBC975BC7}.Release|x86.ActiveCfg = Release|Any CPU
		{3D41B5F8-1957-49B6-89F5-B8BFBC975BC7}.Release|x86.Build.0 = Release|Any CPU
		{976CA980-2693-406D-A036-2C4C3426C21C}.Debug|Any CPU.ActiveCfg = Debug|Any CPU
		{976CA980-2693-406D-A036-2C4C3426C21C}.Debug|Any CPU.Build.0 = Debug|Any CPU
		{976CA980-2693-406D-A036-2C4C3426C21C}.Debug|x64.ActiveCfg = Debug|Any CPU
		{976CA980-2693-406D-A036-2C4C3426C21C}.Debug|x64.Build.0 = Debug|Any CPU
		{976CA980-2693-406D-A036-2C4C3426C21C}.Debug|x86.ActiveCfg = Debug|Any CPU
		{976CA980-2693-406D-A036-2C4C3426C21C}.Debug|x86.Build.0 = Debug|Any CPU
		{976CA980-2693-406D-A036-2C4C3426C21C}.Release|Any CPU.ActiveCfg = Release|Any CPU
		{976CA980-2693-406D-A036-2C4C3426C21C}.Release|Any CPU.Build.0 = Release|Any CPU
		{976CA980-2693-406D-A036-2C4C3426C21C}.Release|x64.ActiveCfg = Release|Any CPU
		{976CA980-2693-406D-A036-2C4C3426C21C}.Release|x64.Build.0 = Release|Any CPU
		{976CA980-2693-406D-A036-2C4C3426C21C}.Release|x86.ActiveCfg = Release|Any CPU
		{976CA980-2693-406D-A036-2C4C3426C21C}.Release|x86.Build.0 = Release|Any CPU
		{68B30A73-B110-4C43-A974-78458DD2CA80}.Debug|Any CPU.ActiveCfg = Debug|Any CPU
		{68B30A73-B110-4C43-A974-78458DD2CA80}.Debug|Any CPU.Build.0 = Debug|Any CPU
		{68B30A73-B110-4C43-A974-78458DD2CA80}.Debug|x64.ActiveCfg = Debug|Any CPU
		{68B30A73-B110-4C43-A974-78458DD2CA80}.Debug|x64.Build.0 = Debug|Any CPU
		{68B30A73-B110-4C43-A974-78458DD2CA80}.Debug|x86.ActiveCfg = Debug|Any CPU
		{68B30A73-B110-4C43-A974-78458DD2CA80}.Debug|x86.Build.0 = Debug|Any CPU
		{68B30A73-B110-4C43-A974-78458DD2CA80}.Release|Any CPU.ActiveCfg = Release|Any CPU
		{68B30A73-B110-4C43-A974-78458DD2CA80}.Release|Any CPU.Build.0 = Release|Any CPU
		{68B30A73-B110-4C43-A974-78458DD2CA80}.Release|x64.ActiveCfg = Release|Any CPU
		{68B30A73-B110-4C43-A974-78458DD2CA80}.Release|x64.Build.0 = Release|Any CPU
		{68B30A73-B110-4C43-A974-78458DD2CA80}.Release|x86.ActiveCfg = Release|Any CPU
		{68B30A73-B110-4C43-A974-78458DD2CA80}.Release|x86.Build.0 = Release|Any CPU
		{502E62A4-7987-4A51-B711-C4F58EA8D070}.Debug|Any CPU.ActiveCfg = Debug|Any CPU
		{502E62A4-7987-4A51-B711-C4F58EA8D070}.Debug|Any CPU.Build.0 = Debug|Any CPU
		{502E62A4-7987-4A51-B711-C4F58EA8D070}.Debug|x64.ActiveCfg = Debug|Any CPU
		{502E62A4-7987-4A51-B711-C4F58EA8D070}.Debug|x64.Build.0 = Debug|Any CPU
		{502E62A4-7987-4A51-B711-C4F58EA8D070}.Debug|x86.ActiveCfg = Debug|Any CPU
		{502E62A4-7987-4A51-B711-C4F58EA8D070}.Debug|x86.Build.0 = Debug|Any CPU
		{502E62A4-7987-4A51-B711-C4F58EA8D070}.Release|Any CPU.ActiveCfg = Release|Any CPU
		{502E62A4-7987-4A51-B711-C4F58EA8D070}.Release|Any CPU.Build.0 = Release|Any CPU
		{502E62A4-7987-4A51-B711-C4F58EA8D070}.Release|x64.ActiveCfg = Release|Any CPU
		{502E62A4-7987-4A51-B711-C4F58EA8D070}.Release|x64.Build.0 = Release|Any CPU
		{502E62A4-7987-4A51-B711-C4F58EA8D070}.Release|x86.ActiveCfg = Release|Any CPU
		{502E62A4-7987-4A51-B711-C4F58EA8D070}.Release|x86.Build.0 = Release|Any CPU
		{23666AE9-093C-4588-97B3-3F4442510BC9}.Debug|Any CPU.ActiveCfg = Debug|Any CPU
		{23666AE9-093C-4588-97B3-3F4442510BC9}.Debug|Any CPU.Build.0 = Debug|Any CPU
		{23666AE9-093C-4588-97B3-3F4442510BC9}.Debug|x64.ActiveCfg = Debug|Any CPU
		{23666AE9-093C-4588-97B3-3F4442510BC9}.Debug|x64.Build.0 = Debug|Any CPU
		{23666AE9-093C-4588-97B3-3F4442510BC9}.Debug|x86.ActiveCfg = Debug|Any CPU
		{23666AE9-093C-4588-97B3-3F4442510BC9}.Debug|x86.Build.0 = Debug|Any CPU
		{23666AE9-093C-4588-97B3-3F4442510BC9}.Release|Any CPU.ActiveCfg = Release|Any CPU
		{23666AE9-093C-4588-97B3-3F4442510BC9}.Release|Any CPU.Build.0 = Release|Any CPU
		{23666AE9-093C-4588-97B3-3F4442510BC9}.Release|x64.ActiveCfg = Release|Any CPU
		{23666AE9-093C-4588-97B3-3F4442510BC9}.Release|x64.Build.0 = Release|Any CPU
		{23666AE9-093C-4588-97B3-3F4442510BC9}.Release|x86.ActiveCfg = Release|Any CPU
		{23666AE9-093C-4588-97B3-3F4442510BC9}.Release|x86.Build.0 = Release|Any CPU
		{968B8178-EB08-4A62-9B8D-17EA5B11FE3B}.Debug|Any CPU.ActiveCfg = Debug|Any CPU
		{968B8178-EB08-4A62-9B8D-17EA5B11FE3B}.Debug|Any CPU.Build.0 = Debug|Any CPU
		{968B8178-EB08-4A62-9B8D-17EA5B11FE3B}.Debug|x64.ActiveCfg = Debug|Any CPU
		{968B8178-EB08-4A62-9B8D-17EA5B11FE3B}.Debug|x64.Build.0 = Debug|Any CPU
		{968B8178-EB08-4A62-9B8D-17EA5B11FE3B}.Debug|x86.ActiveCfg = Debug|Any CPU
		{968B8178-EB08-4A62-9B8D-17EA5B11FE3B}.Debug|x86.Build.0 = Debug|Any CPU
		{968B8178-EB08-4A62-9B8D-17EA5B11FE3B}.Release|Any CPU.ActiveCfg = Release|Any CPU
		{968B8178-EB08-4A62-9B8D-17EA5B11FE3B}.Release|Any CPU.Build.0 = Release|Any CPU
		{968B8178-EB08-4A62-9B8D-17EA5B11FE3B}.Release|x64.ActiveCfg = Release|Any CPU
		{968B8178-EB08-4A62-9B8D-17EA5B11FE3B}.Release|x64.Build.0 = Release|Any CPU
		{968B8178-EB08-4A62-9B8D-17EA5B11FE3B}.Release|x86.ActiveCfg = Release|Any CPU
		{968B8178-EB08-4A62-9B8D-17EA5B11FE3B}.Release|x86.Build.0 = Release|Any CPU
		{5B9759C2-8F31-4E4C-ACB8-DB7CD25CD78A}.Debug|Any CPU.ActiveCfg = Debug|Any CPU
		{5B9759C2-8F31-4E4C-ACB8-DB7CD25CD78A}.Debug|Any CPU.Build.0 = Debug|Any CPU
		{5B9759C2-8F31-4E4C-ACB8-DB7CD25CD78A}.Debug|x64.ActiveCfg = Debug|Any CPU
		{5B9759C2-8F31-4E4C-ACB8-DB7CD25CD78A}.Debug|x64.Build.0 = Debug|Any CPU
		{5B9759C2-8F31-4E4C-ACB8-DB7CD25CD78A}.Debug|x86.ActiveCfg = Debug|Any CPU
		{5B9759C2-8F31-4E4C-ACB8-DB7CD25CD78A}.Debug|x86.Build.0 = Debug|Any CPU
		{5B9759C2-8F31-4E4C-ACB8-DB7CD25CD78A}.Release|Any CPU.ActiveCfg = Release|Any CPU
		{5B9759C2-8F31-4E4C-ACB8-DB7CD25CD78A}.Release|Any CPU.Build.0 = Release|Any CPU
		{5B9759C2-8F31-4E4C-ACB8-DB7CD25CD78A}.Release|x64.ActiveCfg = Release|Any CPU
		{5B9759C2-8F31-4E4C-ACB8-DB7CD25CD78A}.Release|x64.Build.0 = Release|Any CPU
		{5B9759C2-8F31-4E4C-ACB8-DB7CD25CD78A}.Release|x86.ActiveCfg = Release|Any CPU
		{5B9759C2-8F31-4E4C-ACB8-DB7CD25CD78A}.Release|x86.Build.0 = Release|Any CPU
		{B6B29AD0-0C8F-428D-B186-C532844B9FE6}.Debug|Any CPU.ActiveCfg = Debug|Any CPU
		{B6B29AD0-0C8F-428D-B186-C532844B9FE6}.Debug|Any CPU.Build.0 = Debug|Any CPU
		{B6B29AD0-0C8F-428D-B186-C532844B9FE6}.Debug|x64.ActiveCfg = Debug|Any CPU
		{B6B29AD0-0C8F-428D-B186-C532844B9FE6}.Debug|x64.Build.0 = Debug|Any CPU
		{B6B29AD0-0C8F-428D-B186-C532844B9FE6}.Debug|x86.ActiveCfg = Debug|Any CPU
		{B6B29AD0-0C8F-428D-B186-C532844B9FE6}.Debug|x86.Build.0 = Debug|Any CPU
		{B6B29AD0-0C8F-428D-B186-C532844B9FE6}.Release|Any CPU.ActiveCfg = Release|Any CPU
		{B6B29AD0-0C8F-428D-B186-C532844B9FE6}.Release|Any CPU.Build.0 = Release|Any CPU
		{B6B29AD0-0C8F-428D-B186-C532844B9FE6}.Release|x64.ActiveCfg = Release|Any CPU
		{B6B29AD0-0C8F-428D-B186-C532844B9FE6}.Release|x64.Build.0 = Release|Any CPU
		{B6B29AD0-0C8F-428D-B186-C532844B9FE6}.Release|x86.ActiveCfg = Release|Any CPU
		{B6B29AD0-0C8F-428D-B186-C532844B9FE6}.Release|x86.Build.0 = Release|Any CPU
	EndGlobalSection
	GlobalSection(SolutionProperties) = preSolution
		HideSolutionNode = FALSE
	EndGlobalSection
	GlobalSection(NestedProjects) = preSolution
		{04CA08AA-3F3F-446F-9C1E-44805CCAB052} = {827E0CD3-B72D-47B6-A68D-7590B98EB39B}
		{9799E692-C319-405F-9FFA-C9D05F842646} = {827E0CD3-B72D-47B6-A68D-7590B98EB39B}
	EndGlobalSection
EndGlobal
